// !$*UTF8*$!
{
	archiveVersion = 1;
	classes = {
	};
	objectVersion = 55;
	objects = {

/* Begin PBXBuildFile section */
		460F22042844A13E006099D8 /* LaunchViewController.swift in Sources */ = {isa = PBXBuildFile; fileRef = 460F22032844A13E006099D8 /* LaunchViewController.swift */; };
		460F22062844A249006099D8 /* BaseNavigationController.swift in Sources */ = {isa = PBXBuildFile; fileRef = 460F22052844A249006099D8 /* BaseNavigationController.swift */; };
		460F22082845BAEA006099D8 /* BaseProperty.swift in Sources */ = {isa = PBXBuildFile; fileRef = 460F22072845BAEA006099D8 /* BaseProperty.swift */; };
		460F220A28461C51006099D8 /* MainPageViewController.swift in Sources */ = {isa = PBXBuildFile; fileRef = 460F220928461C51006099D8 /* MainPageViewController.swift */; };
		460F220C28471549006099D8 /* connectingAni.json in Resources */ = {isa = PBXBuildFile; fileRef = 460F220B28471549006099D8 /* connectingAni.json */; };
		460F220E28471550006099D8 /* disconnectingAni.json in Resources */ = {isa = PBXBuildFile; fileRef = 460F220D28471550006099D8 /* disconnectingAni.json */; };
		460F22102847439F006099D8 /* ResultPageViewController.swift in Sources */ = {isa = PBXBuildFile; fileRef = 460F220F2847439F006099D8 /* ResultPageViewController.swift */; };
		460F221528476145006099D8 /* ConnectManager.swift in Sources */ = {isa = PBXBuildFile; fileRef = 460F221428476145006099D8 /* ConnectManager.swift */; };
		460F22172847617C006099D8 /* speedManager.swift in Sources */ = {isa = PBXBuildFile; fileRef = 460F22162847617C006099D8 /* speedManager.swift */; };
		460F221F2847663E006099D8 /* CheckSpeedUnit.m in Sources */ = {isa = PBXBuildFile; fileRef = 460F221A2847663E006099D8 /* CheckSpeedUnit.m */; };
		460F22202847663E006099D8 /* SimplePing.m in Sources */ = {isa = PBXBuildFile; fileRef = 460F221B2847663E006099D8 /* SimplePing.m */; };
		460F22212847663E006099D8 /* PingManager.m in Sources */ = {isa = PBXBuildFile; fileRef = 460F221D2847663E006099D8 /* PingManager.m */; };
		460F222328476FB3006099D8 /* ConnectBaseModel.swift in Sources */ = {isa = PBXBuildFile; fileRef = 460F222228476FB3006099D8 /* ConnectBaseModel.swift */; };
		465DE83628449B860001EB48 /* AppDelegate.swift in Sources */ = {isa = PBXBuildFile; fileRef = 465DE83528449B860001EB48 /* AppDelegate.swift */; };
		465DE83828449B860001EB48 /* SceneDelegate.swift in Sources */ = {isa = PBXBuildFile; fileRef = 465DE83728449B860001EB48 /* SceneDelegate.swift */; };
		465DE83D28449B860001EB48 /* Main.storyboard in Resources */ = {isa = PBXBuildFile; fileRef = 465DE83B28449B860001EB48 /* Main.storyboard */; };
		465DE83F28449B880001EB48 /* Assets.xcassets in Resources */ = {isa = PBXBuildFile; fileRef = 465DE83E28449B880001EB48 /* Assets.xcassets */; };
		465DE84228449B880001EB48 /* LaunchScreen.storyboard in Resources */ = {isa = PBXBuildFile; fileRef = 465DE84028449B880001EB48 /* LaunchScreen.storyboard */; };
		8A174CBB4BB4FF5945614DC8 /* Pods_Moon.framework in Frameworks */ = {isa = PBXBuildFile; fileRef = 27E88887CF121905F2C8C439 /* Pods_Moon.framework */; };
/* End PBXBuildFile section */

/* Begin PBXFileReference section */
		27E88887CF121905F2C8C439 /* Pods_Moon.framework */ = {isa = PBXFileReference; explicitFileType = wrapper.framework; includeInIndex = 0; path = Pods_Moon.framework; sourceTree = BUILT_PRODUCTS_DIR; };
		3B9C943C7E37D96D0DC05B51 /* Pods-Moon.release.xcconfig */ = {isa = PBXFileReference; includeInIndex = 1; lastKnownFileType = text.xcconfig; name = "Pods-Moon.release.xcconfig"; path = "Target Support Files/Pods-Moon/Pods-Moon.release.xcconfig"; sourceTree = "<group>"; };
		460F22032844A13E006099D8 /* LaunchViewController.swift */ = {isa = PBXFileReference; lastKnownFileType = sourcecode.swift; path = LaunchViewController.swift; sourceTree = "<group>"; };
		460F22052844A249006099D8 /* BaseNavigationController.swift */ = {isa = PBXFileReference; lastKnownFileType = sourcecode.swift; path = BaseNavigationController.swift; sourceTree = "<group>"; };
		460F22072845BAEA006099D8 /* BaseProperty.swift */ = {isa = PBXFileReference; lastKnownFileType = sourcecode.swift; path = BaseProperty.swift; sourceTree = "<group>"; };
		460F220928461C51006099D8 /* MainPageViewController.swift */ = {isa = PBXFileReference; lastKnownFileType = sourcecode.swift; path = MainPageViewController.swift; sourceTree = "<group>"; };
		460F220B28471549006099D8 /* connectingAni.json */ = {isa = PBXFileReference; fileEncoding = 4; lastKnownFileType = text.json; path = connectingAni.json; sourceTree = "<group>"; };
		460F220D28471550006099D8 /* disconnectingAni.json */ = {isa = PBXFileReference; fileEncoding = 4; lastKnownFileType = text.json; name = disconnectingAni.json; path = "../../../../../Downloads/动效(2)/2/disconnectingAni.json"; sourceTree = "<group>"; };
		460F220F2847439F006099D8 /* ResultPageViewController.swift */ = {isa = PBXFileReference; lastKnownFileType = sourcecode.swift; path = ResultPageViewController.swift; sourceTree = "<group>"; };
		460F2212284760E9006099D8 /* disconnectingAni.json */ = {isa = PBXFileReference; lastKnownFileType = text.json; path = disconnectingAni.json; sourceTree = "<group>"; };
		460F221428476145006099D8 /* ConnectManager.swift */ = {isa = PBXFileReference; lastKnownFileType = sourcecode.swift; path = ConnectManager.swift; sourceTree = "<group>"; };
		460F22162847617C006099D8 /* speedManager.swift */ = {isa = PBXFileReference; lastKnownFileType = sourcecode.swift; path = speedManager.swift; sourceTree = "<group>"; };
		460F22182847663D006099D8 /* Moon-Bridging-Header.h */ = {isa = PBXFileReference; lastKnownFileType = sourcecode.c.h; path = "Moon-Bridging-Header.h"; sourceTree = "<group>"; };
		460F22192847663E006099D8 /* PingManager.h */ = {isa = PBXFileReference; fileEncoding = 4; lastKnownFileType = sourcecode.c.h; path = PingManager.h; sourceTree = "<group>"; };
		460F221A2847663E006099D8 /* CheckSpeedUnit.m */ = {isa = PBXFileReference; fileEncoding = 4; lastKnownFileType = sourcecode.c.objc; path = CheckSpeedUnit.m; sourceTree = "<group>"; };
		460F221B2847663E006099D8 /* SimplePing.m */ = {isa = PBXFileReference; fileEncoding = 4; lastKnownFileType = sourcecode.c.objc; path = SimplePing.m; sourceTree = "<group>"; };
		460F221C2847663E006099D8 /* CheckSpeedUnit.h */ = {isa = PBXFileReference; fileEncoding = 4; lastKnownFileType = sourcecode.c.h; path = CheckSpeedUnit.h; sourceTree = "<group>"; };
		460F221D2847663E006099D8 /* PingManager.m */ = {isa = PBXFileReference; fileEncoding = 4; lastKnownFileType = sourcecode.c.objc; path = PingManager.m; sourceTree = "<group>"; };
		460F221E2847663E006099D8 /* SimplePing.h */ = {isa = PBXFileReference; fileEncoding = 4; lastKnownFileType = sourcecode.c.h; path = SimplePing.h; sourceTree = "<group>"; };
		460F222228476FB3006099D8 /* ConnectBaseModel.swift */ = {isa = PBXFileReference; lastKnownFileType = sourcecode.swift; path = ConnectBaseModel.swift; sourceTree = "<group>"; };
		465DE83228449B860001EB48 /* Moon.app */ = {isa = PBXFileReference; explicitFileType = wrapper.application; includeInIndex = 0; path = Moon.app; sourceTree = BUILT_PRODUCTS_DIR; };
		465DE83528449B860001EB48 /* AppDelegate.swift */ = {isa = PBXFileReference; lastKnownFileType = sourcecode.swift; path = AppDelegate.swift; sourceTree = "<group>"; };
		465DE83728449B860001EB48 /* SceneDelegate.swift */ = {isa = PBXFileReference; lastKnownFileType = sourcecode.swift; path = SceneDelegate.swift; sourceTree = "<group>"; };
		465DE83C28449B860001EB48 /* Base */ = {isa = PBXFileReference; lastKnownFileType = file.storyboard; name = Base; path = Base.lproj/Main.storyboard; sourceTree = "<group>"; };
		465DE83E28449B880001EB48 /* Assets.xcassets */ = {isa = PBXFileReference; lastKnownFileType = folder.assetcatalog; path = Assets.xcassets; sourceTree = "<group>"; };
		465DE84128449B880001EB48 /* Base */ = {isa = PBXFileReference; lastKnownFileType = file.storyboard; name = Base; path = Base.lproj/LaunchScreen.storyboard; sourceTree = "<group>"; };
		465DE84328449B880001EB48 /* Info.plist */ = {isa = PBXFileReference; lastKnownFileType = text.plist.xml; path = Info.plist; sourceTree = "<group>"; };
		D601D78F034D5329B1D61040 /* Pods-Moon.debug.xcconfig */ = {isa = PBXFileReference; includeInIndex = 1; lastKnownFileType = text.xcconfig; name = "Pods-Moon.debug.xcconfig"; path = "Target Support Files/Pods-Moon/Pods-Moon.debug.xcconfig"; sourceTree = "<group>"; };
/* End PBXFileReference section */

/* Begin PBXFrameworksBuildPhase section */
		465DE82F28449B860001EB48 /* Frameworks */ = {
			isa = PBXFrameworksBuildPhase;
			buildActionMask = 2147483647;
			files = (
				8A174CBB4BB4FF5945614DC8 /* Pods_Moon.framework in Frameworks */,
			);
			runOnlyForDeploymentPostprocessing = 0;
		};
/* End PBXFrameworksBuildPhase section */

/* Begin PBXGroup section */
		07299DFCE8D5C7C072F51C17 /* Frameworks */ = {
			isa = PBXGroup;
			children = (
				27E88887CF121905F2C8C439 /* Pods_Moon.framework */,
			);
			name = Frameworks;
			sourceTree = "<group>";
		};
		460F2211284760D7006099D8 /* Source */ = {
			isa = PBXGroup;
			children = (
				465DE83E28449B880001EB48 /* Assets.xcassets */,
				460F2212284760E9006099D8 /* disconnectingAni.json */,
				460F220B28471549006099D8 /* connectingAni.json */,
			);
			path = Source;
			sourceTree = "<group>";
		};
		460F2213284760FC006099D8 /* Connect */ = {
			isa = PBXGroup;
			children = (
				460F221428476145006099D8 /* ConnectManager.swift */,
				460F222228476FB3006099D8 /* ConnectBaseModel.swift */,
				460F22162847617C006099D8 /* speedManager.swift */,
				460F221C2847663E006099D8 /* CheckSpeedUnit.h */,
				460F221A2847663E006099D8 /* CheckSpeedUnit.m */,
				460F22192847663E006099D8 /* PingManager.h */,
				460F221D2847663E006099D8 /* PingManager.m */,
				460F221E2847663E006099D8 /* SimplePing.h */,
				460F221B2847663E006099D8 /* SimplePing.m */,
				460F22182847663D006099D8 /* Moon-Bridging-Header.h */,
			);
			path = Connect;
			sourceTree = "<group>";
		};
		465DE82928449B860001EB48 = {
			isa = PBXGroup;
			children = (
				465DE83428449B860001EB48 /* Moon */,
				460F2211284760D7006099D8 /* Source */,
				465DE83328449B860001EB48 /* Products */,
				6E43628552C63554D866F94E /* Pods */,
				07299DFCE8D5C7C072F51C17 /* Frameworks */,
			);
			sourceTree = "<group>";
		};
		465DE83328449B860001EB48 /* Products */ = {
			isa = PBXGroup;
			children = (
				465DE83228449B860001EB48 /* Moon.app */,
			);
			name = Products;
			sourceTree = "<group>";
		};
		465DE83428449B860001EB48 /* Moon */ = {
			isa = PBXGroup;
			children = (
				465DE84928449F270001EB48 /* Base */,
				465DE84B28449F7C0001EB48 /* LauchVC */,
				465DE84C28449FB20001EB48 /* MoonVC */,
				460F2213284760FC006099D8 /* Connect */,
			);
			path = Moon;
			sourceTree = "<group>";
		};
		465DE84928449F270001EB48 /* Base */ = {
			isa = PBXGroup;
			children = (
				465DE83528449B860001EB48 /* AppDelegate.swift */,
				465DE83728449B860001EB48 /* SceneDelegate.swift */,
				465DE84328449B880001EB48 /* Info.plist */,
				460F22052844A249006099D8 /* BaseNavigationController.swift */,
				460F22072845BAEA006099D8 /* BaseProperty.swift */,
				460F220D28471550006099D8 /* disconnectingAni.json */,
			);
			path = Base;
			sourceTree = "<group>";
		};
		465DE84B28449F7C0001EB48 /* LauchVC */ = {
			isa = PBXGroup;
			children = (
				465DE84028449B880001EB48 /* LaunchScreen.storyboard */,
			);
			path = LauchVC;
			sourceTree = "<group>";
		};
		465DE84C28449FB20001EB48 /* MoonVC */ = {
			isa = PBXGroup;
			children = (
				465DE83B28449B860001EB48 /* Main.storyboard */,
				460F22032844A13E006099D8 /* LaunchViewController.swift */,
				460F220928461C51006099D8 /* MainPageViewController.swift */,
				460F220F2847439F006099D8 /* ResultPageViewController.swift */,
			);
			path = MoonVC;
			sourceTree = "<group>";
		};
		6E43628552C63554D866F94E /* Pods */ = {
			isa = PBXGroup;
			children = (
				D601D78F034D5329B1D61040 /* Pods-Moon.debug.xcconfig */,
				3B9C943C7E37D96D0DC05B51 /* Pods-Moon.release.xcconfig */,
			);
			path = Pods;
			sourceTree = "<group>";
		};
/* End PBXGroup section */

/* Begin PBXNativeTarget section */
		465DE83128449B860001EB48 /* Moon */ = {
			isa = PBXNativeTarget;
			buildConfigurationList = 465DE84628449B880001EB48 /* Build configuration list for PBXNativeTarget "Moon" */;
			buildPhases = (
				043782E8A5ACAB88DC4CB152 /* [CP] Check Pods Manifest.lock */,
				465DE82E28449B860001EB48 /* Sources */,
				465DE82F28449B860001EB48 /* Frameworks */,
				465DE83028449B860001EB48 /* Resources */,
				1A7404B86073F96D6FBEBE2D /* [CP] Embed Pods Frameworks */,
			);
			buildRules = (
			);
			dependencies = (
			);
			name = Moon;
			productName = Moon;
			productReference = 465DE83228449B860001EB48 /* Moon.app */;
			productType = "com.apple.product-type.application";
		};
/* End PBXNativeTarget section */

/* Begin PBXProject section */
		465DE82A28449B860001EB48 /* Project object */ = {
			isa = PBXProject;
			attributes = {
				BuildIndependentTargetsInParallel = 1;
				LastSwiftUpdateCheck = 1340;
				LastUpgradeCheck = 1340;
				TargetAttributes = {
					465DE83128449B860001EB48 = {
						CreatedOnToolsVersion = 13.4;
						LastSwiftMigration = 1340;
					};
				};
			};
			buildConfigurationList = 465DE82D28449B860001EB48 /* Build configuration list for PBXProject "Moon" */;
			compatibilityVersion = "Xcode 13.0";
			developmentRegion = en;
			hasScannedForEncodings = 0;
			knownRegions = (
				en,
				Base,
			);
			mainGroup = 465DE82928449B860001EB48;
			productRefGroup = 465DE83328449B860001EB48 /* Products */;
			projectDirPath = "";
			projectRoot = "";
			targets = (
				465DE83128449B860001EB48 /* Moon */,
			);
		};
/* End PBXProject section */

/* Begin PBXResourcesBuildPhase section */
		465DE83028449B860001EB48 /* Resources */ = {
			isa = PBXResourcesBuildPhase;
			buildActionMask = 2147483647;
			files = (
				465DE84228449B880001EB48 /* LaunchScreen.storyboard in Resources */,
				465DE83F28449B880001EB48 /* Assets.xcassets in Resources */,
				465DE83D28449B860001EB48 /* Main.storyboard in Resources */,
				460F220E28471550006099D8 /* disconnectingAni.json in Resources */,
				460F220C28471549006099D8 /* connectingAni.json in Resources */,
			);
			runOnlyForDeploymentPostprocessing = 0;
		};
/* End PBXResourcesBuildPhase section */

/* Begin PBXShellScriptBuildPhase section */
		043782E8A5ACAB88DC4CB152 /* [CP] Check Pods Manifest.lock */ = {
			isa = PBXShellScriptBuildPhase;
			buildActionMask = 2147483647;
			files = (
			);
			inputFileListPaths = (
			);
			inputPaths = (
				"${PODS_PODFILE_DIR_PATH}/Podfile.lock",
				"${PODS_ROOT}/Manifest.lock",
			);
			name = "[CP] Check Pods Manifest.lock";
			outputFileListPaths = (
			);
			outputPaths = (
				"$(DERIVED_FILE_DIR)/Pods-Moon-checkManifestLockResult.txt",
			);
			runOnlyForDeploymentPostprocessing = 0;
			shellPath = /bin/sh;
			shellScript = "diff \"${PODS_PODFILE_DIR_PATH}/Podfile.lock\" \"${PODS_ROOT}/Manifest.lock\" > /dev/null\nif [ $? != 0 ] ; then\n    # print error to STDERR\n    echo \"error: The sandbox is not in sync with the Podfile.lock. Run 'pod install' or update your CocoaPods installation.\" >&2\n    exit 1\nfi\n# This output is used by Xcode 'outputs' to avoid re-running this script phase.\necho \"SUCCESS\" > \"${SCRIPT_OUTPUT_FILE_0}\"\n";
			showEnvVarsInLog = 0;
		};
		1A7404B86073F96D6FBEBE2D /* [CP] Embed Pods Frameworks */ = {
			isa = PBXShellScriptBuildPhase;
			buildActionMask = 2147483647;
			files = (
			);
			inputFileListPaths = (
				"${PODS_ROOT}/Target Support Files/Pods-Moon/Pods-Moon-frameworks-${CONFIGURATION}-input-files.xcfilelist",
			);
			name = "[CP] Embed Pods Frameworks";
			outputFileListPaths = (
				"${PODS_ROOT}/Target Support Files/Pods-Moon/Pods-Moon-frameworks-${CONFIGURATION}-output-files.xcfilelist",
			);
			runOnlyForDeploymentPostprocessing = 0;
			shellPath = /bin/sh;
			shellScript = "\"${PODS_ROOT}/Target Support Files/Pods-Moon/Pods-Moon-frameworks.sh\"\n";
			showEnvVarsInLog = 0;
		};
/* End PBXShellScriptBuildPhase section */

/* Begin PBXSourcesBuildPhase section */
		465DE82E28449B860001EB48 /* Sources */ = {
			isa = PBXSourcesBuildPhase;
			buildActionMask = 2147483647;
			files = (
				460F22042844A13E006099D8 /* LaunchViewController.swift in Sources */,
				460F22172847617C006099D8 /* speedManager.swift in Sources */,
				460F22102847439F006099D8 /* ResultPageViewController.swift in Sources */,
				465DE83628449B860001EB48 /* AppDelegate.swift in Sources */,
				460F22062844A249006099D8 /* BaseNavigationController.swift in Sources */,
				460F22212847663E006099D8 /* PingManager.m in Sources */,
				460F221528476145006099D8 /* ConnectManager.swift in Sources */,
				465DE83828449B860001EB48 /* SceneDelegate.swift in Sources */,
				460F222328476FB3006099D8 /* ConnectBaseModel.swift in Sources */,
				460F22202847663E006099D8 /* SimplePing.m in Sources */,
				460F221F2847663E006099D8 /* CheckSpeedUnit.m in Sources */,
				460F220A28461C51006099D8 /* MainPageViewController.swift in Sources */,
				460F22082845BAEA006099D8 /* BaseProperty.swift in Sources */,
			);
			runOnlyForDeploymentPostprocessing = 0;
		};
/* End PBXSourcesBuildPhase section */

/* Begin PBXVariantGroup section */
		465DE83B28449B860001EB48 /* Main.storyboard */ = {
			isa = PBXVariantGroup;
			children = (
				465DE83C28449B860001EB48 /* Base */,
			);
			name = Main.storyboard;
			sourceTree = "<group>";
		};
		465DE84028449B880001EB48 /* LaunchScreen.storyboard */ = {
			isa = PBXVariantGroup;
			children = (
				465DE84128449B880001EB48 /* Base */,
			);
			name = LaunchScreen.storyboard;
			sourceTree = "<group>";
		};
/* End PBXVariantGroup section */

/* Begin XCBuildConfiguration section */
		465DE84428449B880001EB48 /* Debug */ = {
			isa = XCBuildConfiguration;
			buildSettings = {
				ALWAYS_SEARCH_USER_PATHS = NO;
				CLANG_ANALYZER_NONNULL = YES;
				CLANG_ANALYZER_NUMBER_OBJECT_CONVERSION = YES_AGGRESSIVE;
				CLANG_CXX_LANGUAGE_STANDARD = "gnu++17";
				CLANG_ENABLE_MODULES = YES;
				CLANG_ENABLE_OBJC_ARC = YES;
				CLANG_ENABLE_OBJC_WEAK = YES;
				CLANG_WARN_BLOCK_CAPTURE_AUTORELEASING = YES;
				CLANG_WARN_BOOL_CONVERSION = YES;
				CLANG_WARN_COMMA = YES;
				CLANG_WARN_CONSTANT_CONVERSION = YES;
				CLANG_WARN_DEPRECATED_OBJC_IMPLEMENTATIONS = YES;
				CLANG_WARN_DIRECT_OBJC_ISA_USAGE = YES_ERROR;
				CLANG_WARN_DOCUMENTATION_COMMENTS = YES;
				CLANG_WARN_EMPTY_BODY = YES;
				CLANG_WARN_ENUM_CONVERSION = YES;
				CLANG_WARN_INFINITE_RECURSION = YES;
				CLANG_WARN_INT_CONVERSION = YES;
				CLANG_WARN_NON_LITERAL_NULL_CONVERSION = YES;
				CLANG_WARN_OBJC_IMPLICIT_RETAIN_SELF = YES;
				CLANG_WARN_OBJC_LITERAL_CONVERSION = YES;
				CLANG_WARN_OBJC_ROOT_CLASS = YES_ERROR;
				CLANG_WARN_QUOTED_INCLUDE_IN_FRAMEWORK_HEADER = YES;
				CLANG_WARN_RANGE_LOOP_ANALYSIS = YES;
				CLANG_WARN_STRICT_PROTOTYPES = YES;
				CLANG_WARN_SUSPICIOUS_MOVE = YES;
				CLANG_WARN_UNGUARDED_AVAILABILITY = YES_AGGRESSIVE;
				CLANG_WARN_UNREACHABLE_CODE = YES;
				CLANG_WARN__DUPLICATE_METHOD_MATCH = YES;
				COPY_PHASE_STRIP = NO;
				DEBUG_INFORMATION_FORMAT = dwarf;
				ENABLE_STRICT_OBJC_MSGSEND = YES;
				ENABLE_TESTABILITY = YES;
				GCC_C_LANGUAGE_STANDARD = gnu11;
				GCC_DYNAMIC_NO_PIC = NO;
				GCC_NO_COMMON_BLOCKS = YES;
				GCC_OPTIMIZATION_LEVEL = 0;
				GCC_PREPROCESSOR_DEFINITIONS = (
					"DEBUG=1",
					"$(inherited)",
				);
				GCC_WARN_64_TO_32_BIT_CONVERSION = YES;
				GCC_WARN_ABOUT_RETURN_TYPE = YES_ERROR;
				GCC_WARN_UNDECLARED_SELECTOR = YES;
				GCC_WARN_UNINITIALIZED_AUTOS = YES_AGGRESSIVE;
				GCC_WARN_UNUSED_FUNCTION = YES;
				GCC_WARN_UNUSED_VARIABLE = YES;
				IPHONEOS_DEPLOYMENT_TARGET = 15.5;
				MTL_ENABLE_DEBUG_INFO = INCLUDE_SOURCE;
				MTL_FAST_MATH = YES;
				ONLY_ACTIVE_ARCH = YES;
				SDKROOT = iphoneos;
				SWIFT_ACTIVE_COMPILATION_CONDITIONS = DEBUG;
				SWIFT_OPTIMIZATION_LEVEL = "-Onone";
			};
			name = Debug;
		};
		465DE84528449B880001EB48 /* Release */ = {
			isa = XCBuildConfiguration;
			buildSettings = {
				ALWAYS_SEARCH_USER_PATHS = NO;
				CLANG_ANALYZER_NONNULL = YES;
				CLANG_ANALYZER_NUMBER_OBJECT_CONVERSION = YES_AGGRESSIVE;
				CLANG_CXX_LANGUAGE_STANDARD = "gnu++17";
				CLANG_ENABLE_MODULES = YES;
				CLANG_ENABLE_OBJC_ARC = YES;
				CLANG_ENABLE_OBJC_WEAK = YES;
				CLANG_WARN_BLOCK_CAPTURE_AUTORELEASING = YES;
				CLANG_WARN_BOOL_CONVERSION = YES;
				CLANG_WARN_COMMA = YES;
				CLANG_WARN_CONSTANT_CONVERSION = YES;
				CLANG_WARN_DEPRECATED_OBJC_IMPLEMENTATIONS = YES;
				CLANG_WARN_DIRECT_OBJC_ISA_USAGE = YES_ERROR;
				CLANG_WARN_DOCUMENTATION_COMMENTS = YES;
				CLANG_WARN_EMPTY_BODY = YES;
				CLANG_WARN_ENUM_CONVERSION = YES;
				CLANG_WARN_INFINITE_RECURSION = YES;
				CLANG_WARN_INT_CONVERSION = YES;
				CLANG_WARN_NON_LITERAL_NULL_CONVERSION = YES;
				CLANG_WARN_OBJC_IMPLICIT_RETAIN_SELF = YES;
				CLANG_WARN_OBJC_LITERAL_CONVERSION = YES;
				CLANG_WARN_OBJC_ROOT_CLASS = YES_ERROR;
				CLANG_WARN_QUOTED_INCLUDE_IN_FRAMEWORK_HEADER = YES;
				CLANG_WARN_RANGE_LOOP_ANALYSIS = YES;
				CLANG_WARN_STRICT_PROTOTYPES = YES;
				CLANG_WARN_SUSPICIOUS_MOVE = YES;
				CLANG_WARN_UNGUARDED_AVAILABILITY = YES_AGGRESSIVE;
				CLANG_WARN_UNREACHABLE_CODE = YES;
				CLANG_WARN__DUPLICATE_METHOD_MATCH = YES;
				COPY_PHASE_STRIP = NO;
				DEBUG_INFORMATION_FORMAT = "dwarf-with-dsym";
				ENABLE_NS_ASSERTIONS = NO;
				ENABLE_STRICT_OBJC_MSGSEND = YES;
				GCC_C_LANGUAGE_STANDARD = gnu11;
				GCC_NO_COMMON_BLOCKS = YES;
				GCC_WARN_64_TO_32_BIT_CONVERSION = YES;
				GCC_WARN_ABOUT_RETURN_TYPE = YES_ERROR;
				GCC_WARN_UNDECLARED_SELECTOR = YES;
				GCC_WARN_UNINITIALIZED_AUTOS = YES_AGGRESSIVE;
				GCC_WARN_UNUSED_FUNCTION = YES;
				GCC_WARN_UNUSED_VARIABLE = YES;
				IPHONEOS_DEPLOYMENT_TARGET = 15.5;
				MTL_ENABLE_DEBUG_INFO = NO;
				MTL_FAST_MATH = YES;
				SDKROOT = iphoneos;
				SWIFT_COMPILATION_MODE = wholemodule;
				SWIFT_OPTIMIZATION_LEVEL = "-O";
				VALIDATE_PRODUCT = YES;
			};
			name = Release;
		};
		465DE84728449B880001EB48 /* Debug */ = {
			isa = XCBuildConfiguration;
			baseConfigurationReference = D601D78F034D5329B1D61040 /* Pods-Moon.debug.xcconfig */;
			buildSettings = {
				ASSETCATALOG_COMPILER_APPICON_NAME = AppIcon;
				ASSETCATALOG_COMPILER_GLOBAL_ACCENT_COLOR_NAME = AccentColor;
				CLANG_ENABLE_MODULES = YES;
				CODE_SIGN_STYLE = Automatic;
				CURRENT_PROJECT_VERSION = 1;
				DEVELOPMENT_TEAM = 7HTJ8C6E28;
				GENERATE_INFOPLIST_FILE = YES;
				INFOPLIST_FILE = Moon/Base/Info.plist;
				INFOPLIST_KEY_UIApplicationSupportsIndirectInputEvents = YES;
				INFOPLIST_KEY_UILaunchStoryboardName = LaunchScreen;
				INFOPLIST_KEY_UIMainStoryboardFile = Main;
				INFOPLIST_KEY_UISupportedInterfaceOrientations_iPad = "UIInterfaceOrientationPortrait UIInterfaceOrientationPortraitUpsideDown UIInterfaceOrientationLandscapeLeft UIInterfaceOrientationLandscapeRight";
				INFOPLIST_KEY_UISupportedInterfaceOrientations_iPhone = "UIInterfaceOrientationPortrait UIInterfaceOrientationLandscapeLeft UIInterfaceOrientationLandscapeRight";
				IPHONEOS_DEPLOYMENT_TARGET = 13.0;
				LD_RUNPATH_SEARCH_PATHS = (
					"$(inherited)",
					"@executable_path/Frameworks",
				);
				MARKETING_VERSION = 1.0;
				PRODUCT_BUNDLE_IDENTIFIER = com.zytest.moonios.Moon;
				PRODUCT_NAME = "$(TARGET_NAME)";
				SWIFT_EMIT_LOC_STRINGS = YES;
				SWIFT_OBJC_BRIDGING_HEADER = "Moon/Connect/Moon-Bridging-Header.h";
				SWIFT_OPTIMIZATION_LEVEL = "-Onone";
				SWIFT_VERSION = 5.0;
				TARGETED_DEVICE_FAMILY = 1;
			};
			name = Debug;
		};
		465DE84828449B880001EB48 /* Release */ = {
			isa = XCBuildConfiguration;
			baseConfigurationReference = 3B9C943C7E37D96D0DC05B51 /* Pods-Moon.release.xcconfig */;
			buildSettings = {
				ASSETCATALOG_COMPILER_APPICON_NAME = AppIcon;
				ASSETCATALOG_COMPILER_GLOBAL_ACCENT_COLOR_NAME = AccentColor;
				CLANG_ENABLE_MODULES = YES;
				CODE_SIGN_STYLE = Automatic;
				CURRENT_PROJECT_VERSION = 1;
				DEVELOPMENT_TEAM = 7HTJ8C6E28;
				GENERATE_INFOPLIST_FILE = YES;
				INFOPLIST_FILE = Moon/Base/Info.plist;
				INFOPLIST_KEY_UIApplicationSupportsIndirectInputEvents = YES;
				INFOPLIST_KEY_UILaunchStoryboardName = LaunchScreen;
				INFOPLIST_KEY_UIMainStoryboardFile = Main;
				INFOPLIST_KEY_UISupportedInterfaceOrientations_iPad = "UIInterfaceOrientationPortrait UIInterfaceOrientationPortraitUpsideDown UIInterfaceOrientationLandscapeLeft UIInterfaceOrientationLandscapeRight";
				INFOPLIST_KEY_UISupportedInterfaceOrientations_iPhone = "UIInterfaceOrientationPortrait UIInterfaceOrientationLandscapeLeft UIInterfaceOrientationLandscapeRight";
				IPHONEOS_DEPLOYMENT_TARGET = 13.0;
				LD_RUNPATH_SEARCH_PATHS = (
					"$(inherited)",
					"@executable_path/Frameworks",
				);
				MARKETING_VERSION = 1.0;
				PRODUCT_BUNDLE_IDENTIFIER = com.zytest.moonios.Moon;
				PRODUCT_NAME = "$(TARGET_NAME)";
				SWIFT_EMIT_LOC_STRINGS = YES;
				SWIFT_OBJC_BRIDGING_HEADER = "Moon/Connect/Moon-Bridging-Header.h";
				SWIFT_VERSION = 5.0;
				TARGETED_DEVICE_FAMILY = 1;
			};
			name = Release;
		};
/* End XCBuildConfiguration section */

/* Begin XCConfigurationList section */
		465DE82D28449B860001EB48 /* Build configuration list for PBXProject "Moon" */ = {
			isa = XCConfigurationList;
			buildConfigurations = (
				465DE84428449B880001EB48 /* Debug */,
				465DE84528449B880001EB48 /* Release */,
			);
			defaultConfigurationIsVisible = 0;
			defaultConfigurationName = Release;
		};
		465DE84628449B880001EB48 /* Build configuration list for PBXNativeTarget "Moon" */ = {
			isa = XCConfigurationList;
			buildConfigurations = (
				465DE84728449B880001EB48 /* Debug */,
				465DE84828449B880001EB48 /* Release */,
			);
			defaultConfigurationIsVisible = 0;
			defaultConfigurationName = Release;
		};
/* End XCConfigurationList section */
	};
	rootObject = 465DE82A28449B860001EB48 /* Project object */;
}
