// !$*UTF8*$!
{
	archiveVersion = 1;
	classes = {
	};
	objectVersion = 55;
	objects = {

/* Begin PBXBuildFile section */
		460F22042844A13E006099D8 /* LaunchViewController.swift in Sources */ = {isa = PBXBuildFile; fileRef = 460F22032844A13E006099D8 /* LaunchViewController.swift */; };
		460F22062844A249006099D8 /* BaseNavigationController.swift in Sources */ = {isa = PBXBuildFile; fileRef = 460F22052844A249006099D8 /* BaseNavigationController.swift */; };
		460F22082845BAEA006099D8 /* BaseProperty.swift in Sources */ = {isa = PBXBuildFile; fileRef = 460F22072845BAEA006099D8 /* BaseProperty.swift */; };
		460F220A28461C51006099D8 /* MainPageViewController.swift in Sources */ = {isa = PBXBuildFile; fileRef = 460F220928461C51006099D8 /* MainPageViewController.swift */; };
		460F220C28471549006099D8 /* connectingAni.json in Resources */ = {isa = PBXBuildFile; fileRef = 460F220B28471549006099D8 /* connectingAni.json */; };
		460F22102847439F006099D8 /* ResultPageViewController.swift in Sources */ = {isa = PBXBuildFile; fileRef = 460F220F2847439F006099D8 /* ResultPageViewController.swift */; };
		460F221528476145006099D8 /* ConnectManager.swift in Sources */ = {isa = PBXBuildFile; fileRef = 460F221428476145006099D8 /* ConnectManager.swift */; };
		460F22172847617C006099D8 /* SpeedTestManager.swift in Sources */ = {isa = PBXBuildFile; fileRef = 460F22162847617C006099D8 /* SpeedTestManager.swift */; };
		460F221F2847663E006099D8 /* CheckSpeedUnit.m in Sources */ = {isa = PBXBuildFile; fileRef = 460F221A2847663E006099D8 /* CheckSpeedUnit.m */; };
		460F22202847663E006099D8 /* SimplePing.m in Sources */ = {isa = PBXBuildFile; fileRef = 460F221B2847663E006099D8 /* SimplePing.m */; };
		460F22212847663E006099D8 /* PingManager.m in Sources */ = {isa = PBXBuildFile; fileRef = 460F221D2847663E006099D8 /* PingManager.m */; };
		460F222328476FB3006099D8 /* ConnectBaseModel.swift in Sources */ = {isa = PBXBuildFile; fileRef = 460F222228476FB3006099D8 /* ConnectBaseModel.swift */; };
		460F222A28488E2E006099D8 /* NetworkExtension.framework in Frameworks */ = {isa = PBXBuildFile; fileRef = 460F222928488E2E006099D8 /* NetworkExtension.framework */; };
		460F222D28488E2E006099D8 /* PacketTunnelProvider.swift in Sources */ = {isa = PBXBuildFile; fileRef = 460F222C28488E2E006099D8 /* PacketTunnelProvider.swift */; };
		460F223228488E2E006099D8 /* tunnelProvider.appex in Embed App Extensions */ = {isa = PBXBuildFile; fileRef = 460F222828488E2E006099D8 /* tunnelProvider.appex */; settings = {ATTRIBUTES = (RemoveHeadersOnCopy, ); }; };
		460F223C28488F0A006099D8 /* Shadowsocks.m in Sources */ = {isa = PBXBuildFile; fileRef = 460F223828488F0A006099D8 /* Shadowsocks.m */; };
		460F223D28488F0A006099D8 /* ShadowsocksConnectivity.m in Sources */ = {isa = PBXBuildFile; fileRef = 460F223B28488F0A006099D8 /* ShadowsocksConnectivity.m */; };
		460F223F28488F59006099D8 /* NetworkExtension.framework in Frameworks */ = {isa = PBXBuildFile; fileRef = 460F222928488E2E006099D8 /* NetworkExtension.framework */; };
		460F224228488FCE006099D8 /* PacketProcessor_iOS.framework in Frameworks */ = {isa = PBXBuildFile; fileRef = 460F224028488FCE006099D8 /* PacketProcessor_iOS.framework */; };
		460F224328488FCE006099D8 /* Shadowsocks_iOS.framework in Frameworks */ = {isa = PBXBuildFile; fileRef = 460F224128488FCE006099D8 /* Shadowsocks_iOS.framework */; };
		460F224428488FE5006099D8 /* PacketProcessor_iOS.framework in Frameworks */ = {isa = PBXBuildFile; fileRef = 460F224028488FCE006099D8 /* PacketProcessor_iOS.framework */; };
		460F224528488FE5006099D8 /* PacketProcessor_iOS.framework in Embed Frameworks */ = {isa = PBXBuildFile; fileRef = 460F224028488FCE006099D8 /* PacketProcessor_iOS.framework */; settings = {ATTRIBUTES = (CodeSignOnCopy, RemoveHeadersOnCopy, ); }; };
		460F224728488FE8006099D8 /* Shadowsocks_iOS.framework in Frameworks */ = {isa = PBXBuildFile; fileRef = 460F224128488FCE006099D8 /* Shadowsocks_iOS.framework */; };
		462F300428508F8A00D80599 /* GoogleADConfig.swift in Sources */ = {isa = PBXBuildFile; fileRef = 462F300328508F8A00D80599 /* GoogleADConfig.swift */; };
		462F300628509E2800D80599 /* GadInterstitialLoader.swift in Sources */ = {isa = PBXBuildFile; fileRef = 462F300528509E2800D80599 /* GadInterstitialLoader.swift */; };
		462F300828509E3E00D80599 /* GadNativeLoader.swift in Sources */ = {isa = PBXBuildFile; fileRef = 462F300728509E3E00D80599 /* GadNativeLoader.swift */; };
		462F300A28509E8000D80599 /* HomeADView.swift in Sources */ = {isa = PBXBuildFile; fileRef = 462F300928509E8000D80599 /* HomeADView.swift */; };
		462F300C28509E9B00D80599 /* ResultADView.swift in Sources */ = {isa = PBXBuildFile; fileRef = 462F300B28509E9B00D80599 /* ResultADView.swift */; };
		462FFD0F2848989500AFBEC3 /* ServerlistViewController.swift in Sources */ = {isa = PBXBuildFile; fileRef = 462FFD0E2848989500AFBEC3 /* ServerlistViewController.swift */; };
		462FFD11284898CC00AFBEC3 /* RullsViewController.swift in Sources */ = {isa = PBXBuildFile; fileRef = 462FFD10284898CC00AFBEC3 /* RullsViewController.swift */; };
		462FFD132848C0C800AFBEC3 /* downloadAni.json in Resources */ = {isa = PBXBuildFile; fileRef = 462FFD122848C0C800AFBEC3 /* downloadAni.json */; };
		462FFD152848C0D500AFBEC3 /* uploadAni.json in Resources */ = {isa = PBXBuildFile; fileRef = 462FFD142848C0D500AFBEC3 /* uploadAni.json */; };
		464261AE2852110000982E34 /* admobConfig.json in Resources */ = {isa = PBXBuildFile; fileRef = 464261AD2852110000982E34 /* admobConfig.json */; };
		464261B02853135500982E34 /* MainPageViewController+AD.swift in Sources */ = {isa = PBXBuildFile; fileRef = 464261AF2853135500982E34 /* MainPageViewController+AD.swift */; };
		464261B2285340AE00982E34 /* 匹配中.json in Resources */ = {isa = PBXBuildFile; fileRef = 464261B1285340AE00982E34 /* 匹配中.json */; };
		464261CC285836F800982E34 /* GoogleFBUtil.swift in Sources */ = {isa = PBXBuildFile; fileRef = 464261CB285836F800982E34 /* GoogleFBUtil.swift */; };
		464261CE28588F5D00982E34 /* disconnectingAni.json in Resources */ = {isa = PBXBuildFile; fileRef = 464261CD28588F5D00982E34 /* disconnectingAni.json */; };
		465DE83628449B860001EB48 /* AppDelegate.swift in Sources */ = {isa = PBXBuildFile; fileRef = 465DE83528449B860001EB48 /* AppDelegate.swift */; };
		465DE83828449B860001EB48 /* SceneDelegate.swift in Sources */ = {isa = PBXBuildFile; fileRef = 465DE83728449B860001EB48 /* SceneDelegate.swift */; };
		465DE83D28449B860001EB48 /* Main.storyboard in Resources */ = {isa = PBXBuildFile; fileRef = 465DE83B28449B860001EB48 /* Main.storyboard */; };
		465DE83F28449B880001EB48 /* Assets.xcassets in Resources */ = {isa = PBXBuildFile; fileRef = 465DE83E28449B880001EB48 /* Assets.xcassets */; };
		465DE84228449B880001EB48 /* LaunchScreen.storyboard in Resources */ = {isa = PBXBuildFile; fileRef = 465DE84028449B880001EB48 /* LaunchScreen.storyboard */; };
		469D92D128507F7300CB88E6 /* GoogleService-Info.plist in Resources */ = {isa = PBXBuildFile; fileRef = 469D92D028507F7300CB88E6 /* GoogleService-Info.plist */; };
		6B632E07FC985B7B2A652F17 /* Pods_tunnelProvider.framework in Frameworks */ = {isa = PBXBuildFile; fileRef = E389A37E8E820A2DC0D42DB5 /* Pods_tunnelProvider.framework */; };
		8A174CBB4BB4FF5945614DC8 /* Pods_Moon.framework in Frameworks */ = {isa = PBXBuildFile; fileRef = 27E88887CF121905F2C8C439 /* Pods_Moon.framework */; };
/* End PBXBuildFile section */

/* Begin PBXContainerItemProxy section */
		460F223028488E2E006099D8 /* PBXContainerItemProxy */ = {
			isa = PBXContainerItemProxy;
			containerPortal = 465DE82A28449B860001EB48 /* Project object */;
			proxyType = 1;
			remoteGlobalIDString = 460F222728488E2E006099D8;
			remoteInfo = tunnelProvider;
		};
/* End PBXContainerItemProxy section */

/* Begin PBXCopyFilesBuildPhase section */
		460F223628488E2E006099D8 /* Embed App Extensions */ = {
			isa = PBXCopyFilesBuildPhase;
			buildActionMask = 2147483647;
			dstPath = "";
			dstSubfolderSpec = 13;
			files = (
				460F223228488E2E006099D8 /* tunnelProvider.appex in Embed App Extensions */,
			);
			name = "Embed App Extensions";
			runOnlyForDeploymentPostprocessing = 0;
		};
		460F224628488FE5006099D8 /* Embed Frameworks */ = {
			isa = PBXCopyFilesBuildPhase;
			buildActionMask = 2147483647;
			dstPath = "";
			dstSubfolderSpec = 10;
			files = (
				460F224528488FE5006099D8 /* PacketProcessor_iOS.framework in Embed Frameworks */,
			);
			name = "Embed Frameworks";
			runOnlyForDeploymentPostprocessing = 0;
		};
/* End PBXCopyFilesBuildPhase section */

/* Begin PBXFileReference section */
		27E88887CF121905F2C8C439 /* Pods_Moon.framework */ = {isa = PBXFileReference; explicitFileType = wrapper.framework; includeInIndex = 0; path = Pods_Moon.framework; sourceTree = BUILT_PRODUCTS_DIR; };
		39D2833751DA00AB6431C1E0 /* Pods-tunnelProvider.release.xcconfig */ = {isa = PBXFileReference; includeInIndex = 1; lastKnownFileType = text.xcconfig; name = "Pods-tunnelProvider.release.xcconfig"; path = "Target Support Files/Pods-tunnelProvider/Pods-tunnelProvider.release.xcconfig"; sourceTree = "<group>"; };
		3B9C943C7E37D96D0DC05B51 /* Pods-Moon.release.xcconfig */ = {isa = PBXFileReference; includeInIndex = 1; lastKnownFileType = text.xcconfig; name = "Pods-Moon.release.xcconfig"; path = "Target Support Files/Pods-Moon/Pods-Moon.release.xcconfig"; sourceTree = "<group>"; };
		460F22032844A13E006099D8 /* LaunchViewController.swift */ = {isa = PBXFileReference; lastKnownFileType = sourcecode.swift; path = LaunchViewController.swift; sourceTree = "<group>"; };
		460F22052844A249006099D8 /* BaseNavigationController.swift */ = {isa = PBXFileReference; lastKnownFileType = sourcecode.swift; path = BaseNavigationController.swift; sourceTree = "<group>"; };
		460F22072845BAEA006099D8 /* BaseProperty.swift */ = {isa = PBXFileReference; lastKnownFileType = sourcecode.swift; path = BaseProperty.swift; sourceTree = "<group>"; };
		460F220928461C51006099D8 /* MainPageViewController.swift */ = {isa = PBXFileReference; lastKnownFileType = sourcecode.swift; path = MainPageViewController.swift; sourceTree = "<group>"; };
		460F220B28471549006099D8 /* connectingAni.json */ = {isa = PBXFileReference; fileEncoding = 4; lastKnownFileType = text.json; path = connectingAni.json; sourceTree = "<group>"; };
		460F220F2847439F006099D8 /* ResultPageViewController.swift */ = {isa = PBXFileReference; lastKnownFileType = sourcecode.swift; path = ResultPageViewController.swift; sourceTree = "<group>"; };
		460F221428476145006099D8 /* ConnectManager.swift */ = {isa = PBXFileReference; lastKnownFileType = sourcecode.swift; path = ConnectManager.swift; sourceTree = "<group>"; };
		460F22162847617C006099D8 /* SpeedTestManager.swift */ = {isa = PBXFileReference; lastKnownFileType = sourcecode.swift; path = SpeedTestManager.swift; sourceTree = "<group>"; };
		460F22182847663D006099D8 /* Moon-Bridging-Header.h */ = {isa = PBXFileReference; lastKnownFileType = sourcecode.c.h; path = "Moon-Bridging-Header.h"; sourceTree = "<group>"; };
		460F22192847663E006099D8 /* PingManager.h */ = {isa = PBXFileReference; fileEncoding = 4; lastKnownFileType = sourcecode.c.h; path = PingManager.h; sourceTree = "<group>"; };
		460F221A2847663E006099D8 /* CheckSpeedUnit.m */ = {isa = PBXFileReference; fileEncoding = 4; lastKnownFileType = sourcecode.c.objc; path = CheckSpeedUnit.m; sourceTree = "<group>"; };
		460F221B2847663E006099D8 /* SimplePing.m */ = {isa = PBXFileReference; fileEncoding = 4; lastKnownFileType = sourcecode.c.objc; path = SimplePing.m; sourceTree = "<group>"; };
		460F221C2847663E006099D8 /* CheckSpeedUnit.h */ = {isa = PBXFileReference; fileEncoding = 4; lastKnownFileType = sourcecode.c.h; path = CheckSpeedUnit.h; sourceTree = "<group>"; };
		460F221D2847663E006099D8 /* PingManager.m */ = {isa = PBXFileReference; fileEncoding = 4; lastKnownFileType = sourcecode.c.objc; path = PingManager.m; sourceTree = "<group>"; };
		460F221E2847663E006099D8 /* SimplePing.h */ = {isa = PBXFileReference; fileEncoding = 4; lastKnownFileType = sourcecode.c.h; path = SimplePing.h; sourceTree = "<group>"; };
		460F222228476FB3006099D8 /* ConnectBaseModel.swift */ = {isa = PBXFileReference; lastKnownFileType = sourcecode.swift; path = ConnectBaseModel.swift; sourceTree = "<group>"; };
		460F222828488E2E006099D8 /* tunnelProvider.appex */ = {isa = PBXFileReference; explicitFileType = "wrapper.app-extension"; includeInIndex = 0; path = tunnelProvider.appex; sourceTree = BUILT_PRODUCTS_DIR; };
		460F222928488E2E006099D8 /* NetworkExtension.framework */ = {isa = PBXFileReference; lastKnownFileType = wrapper.framework; name = NetworkExtension.framework; path = System/Library/Frameworks/NetworkExtension.framework; sourceTree = SDKROOT; };
		460F222C28488E2E006099D8 /* PacketTunnelProvider.swift */ = {isa = PBXFileReference; lastKnownFileType = sourcecode.swift; path = PacketTunnelProvider.swift; sourceTree = "<group>"; };
		460F222E28488E2E006099D8 /* Info.plist */ = {isa = PBXFileReference; lastKnownFileType = text.plist.xml; path = Info.plist; sourceTree = "<group>"; };
		460F222F28488E2E006099D8 /* tunnelProvider.entitlements */ = {isa = PBXFileReference; lastKnownFileType = text.plist.entitlements; path = tunnelProvider.entitlements; sourceTree = "<group>"; };
		460F223728488F09006099D8 /* tunnelProvider-Bridging-Header.h */ = {isa = PBXFileReference; lastKnownFileType = sourcecode.c.h; path = "tunnelProvider-Bridging-Header.h"; sourceTree = "<group>"; };
		460F223828488F0A006099D8 /* Shadowsocks.m */ = {isa = PBXFileReference; fileEncoding = 4; lastKnownFileType = sourcecode.c.objc; path = Shadowsocks.m; sourceTree = "<group>"; };
		460F223928488F0A006099D8 /* ShadowsocksConnectivity.h */ = {isa = PBXFileReference; fileEncoding = 4; lastKnownFileType = sourcecode.c.h; path = ShadowsocksConnectivity.h; sourceTree = "<group>"; };
		460F223A28488F0A006099D8 /* Shadowsocks.h */ = {isa = PBXFileReference; fileEncoding = 4; lastKnownFileType = sourcecode.c.h; path = Shadowsocks.h; sourceTree = "<group>"; };
		460F223B28488F0A006099D8 /* ShadowsocksConnectivity.m */ = {isa = PBXFileReference; fileEncoding = 4; lastKnownFileType = sourcecode.c.objc; path = ShadowsocksConnectivity.m; sourceTree = "<group>"; };
		460F223E28488F59006099D8 /* Moon.entitlements */ = {isa = PBXFileReference; lastKnownFileType = text.plist.entitlements; path = Moon.entitlements; sourceTree = "<group>"; };
		460F224028488FCE006099D8 /* PacketProcessor_iOS.framework */ = {isa = PBXFileReference; lastKnownFileType = wrapper.framework; path = PacketProcessor_iOS.framework; sourceTree = "<group>"; };
		460F224128488FCE006099D8 /* Shadowsocks_iOS.framework */ = {isa = PBXFileReference; lastKnownFileType = wrapper.framework; path = Shadowsocks_iOS.framework; sourceTree = "<group>"; };
		462F300328508F8A00D80599 /* GoogleADConfig.swift */ = {isa = PBXFileReference; lastKnownFileType = sourcecode.swift; path = GoogleADConfig.swift; sourceTree = "<group>"; };
		462F300528509E2800D80599 /* GadInterstitialLoader.swift */ = {isa = PBXFileReference; lastKnownFileType = sourcecode.swift; path = GadInterstitialLoader.swift; sourceTree = "<group>"; };
		462F300728509E3E00D80599 /* GadNativeLoader.swift */ = {isa = PBXFileReference; lastKnownFileType = sourcecode.swift; path = GadNativeLoader.swift; sourceTree = "<group>"; };
		462F300928509E8000D80599 /* HomeADView.swift */ = {isa = PBXFileReference; lastKnownFileType = sourcecode.swift; path = HomeADView.swift; sourceTree = "<group>"; };
		462F300B28509E9B00D80599 /* ResultADView.swift */ = {isa = PBXFileReference; lastKnownFileType = sourcecode.swift; path = ResultADView.swift; sourceTree = "<group>"; };
		462FFD0E2848989500AFBEC3 /* ServerlistViewController.swift */ = {isa = PBXFileReference; lastKnownFileType = sourcecode.swift; path = ServerlistViewController.swift; sourceTree = "<group>"; };
		462FFD10284898CC00AFBEC3 /* RullsViewController.swift */ = {isa = PBXFileReference; lastKnownFileType = sourcecode.swift; path = RullsViewController.swift; sourceTree = "<group>"; };
		462FFD122848C0C800AFBEC3 /* downloadAni.json */ = {isa = PBXFileReference; fileEncoding = 4; lastKnownFileType = text.json; path = downloadAni.json; sourceTree = "<group>"; };
		462FFD142848C0D500AFBEC3 /* uploadAni.json */ = {isa = PBXFileReference; fileEncoding = 4; lastKnownFileType = text.json; path = uploadAni.json; sourceTree = "<group>"; };
		464261AD2852110000982E34 /* admobConfig.json */ = {isa = PBXFileReference; fileEncoding = 4; lastKnownFileType = text.json; path = admobConfig.json; sourceTree = "<group>"; };
		464261AF2853135500982E34 /* MainPageViewController+AD.swift */ = {isa = PBXFileReference; lastKnownFileType = sourcecode.swift; path = "MainPageViewController+AD.swift"; sourceTree = "<group>"; };
		464261B1285340AE00982E34 /* 匹配中.json */ = {isa = PBXFileReference; fileEncoding = 4; lastKnownFileType = text.json; path = "匹配中.json"; sourceTree = "<group>"; };
		464261CB285836F800982E34 /* GoogleFBUtil.swift */ = {isa = PBXFileReference; lastKnownFileType = sourcecode.swift; path = GoogleFBUtil.swift; sourceTree = "<group>"; };
		464261CD28588F5D00982E34 /* disconnectingAni.json */ = {isa = PBXFileReference; fileEncoding = 4; lastKnownFileType = text.json; path = disconnectingAni.json; sourceTree = "<group>"; };
		465DE83228449B860001EB48 /* Moon.app */ = {isa = PBXFileReference; explicitFileType = wrapper.application; includeInIndex = 0; path = Moon.app; sourceTree = BUILT_PRODUCTS_DIR; };
		465DE83528449B860001EB48 /* AppDelegate.swift */ = {isa = PBXFileReference; lastKnownFileType = sourcecode.swift; path = AppDelegate.swift; sourceTree = "<group>"; };
		465DE83728449B860001EB48 /* SceneDelegate.swift */ = {isa = PBXFileReference; lastKnownFileType = sourcecode.swift; path = SceneDelegate.swift; sourceTree = "<group>"; };
		465DE83C28449B860001EB48 /* Base */ = {isa = PBXFileReference; lastKnownFileType = file.storyboard; name = Base; path = Base.lproj/Main.storyboard; sourceTree = "<group>"; };
		465DE83E28449B880001EB48 /* Assets.xcassets */ = {isa = PBXFileReference; lastKnownFileType = folder.assetcatalog; path = Assets.xcassets; sourceTree = "<group>"; };
		465DE84128449B880001EB48 /* Base */ = {isa = PBXFileReference; lastKnownFileType = file.storyboard; name = Base; path = Base.lproj/LaunchScreen.storyboard; sourceTree = "<group>"; };
		465DE84328449B880001EB48 /* Info.plist */ = {isa = PBXFileReference; lastKnownFileType = text.plist.xml; path = Info.plist; sourceTree = "<group>"; };
		469D92D028507F7300CB88E6 /* GoogleService-Info.plist */ = {isa = PBXFileReference; fileEncoding = 4; lastKnownFileType = text.plist.xml; path = "GoogleService-Info.plist"; sourceTree = "<group>"; };
		68701C3761826E147D0240A3 /* Pods-tunnelProvider.debug.xcconfig */ = {isa = PBXFileReference; includeInIndex = 1; lastKnownFileType = text.xcconfig; name = "Pods-tunnelProvider.debug.xcconfig"; path = "Target Support Files/Pods-tunnelProvider/Pods-tunnelProvider.debug.xcconfig"; sourceTree = "<group>"; };
		D601D78F034D5329B1D61040 /* Pods-Moon.debug.xcconfig */ = {isa = PBXFileReference; includeInIndex = 1; lastKnownFileType = text.xcconfig; name = "Pods-Moon.debug.xcconfig"; path = "Target Support Files/Pods-Moon/Pods-Moon.debug.xcconfig"; sourceTree = "<group>"; };
		E389A37E8E820A2DC0D42DB5 /* Pods_tunnelProvider.framework */ = {isa = PBXFileReference; explicitFileType = wrapper.framework; includeInIndex = 0; path = Pods_tunnelProvider.framework; sourceTree = BUILT_PRODUCTS_DIR; };
/* End PBXFileReference section */

/* Begin PBXFrameworksBuildPhase section */
		460F222528488E2E006099D8 /* Frameworks */ = {
			isa = PBXFrameworksBuildPhase;
			buildActionMask = 2147483647;
			files = (
				460F224328488FCE006099D8 /* Shadowsocks_iOS.framework in Frameworks */,
				460F222A28488E2E006099D8 /* NetworkExtension.framework in Frameworks */,
				6B632E07FC985B7B2A652F17 /* Pods_tunnelProvider.framework in Frameworks */,
				460F224228488FCE006099D8 /* PacketProcessor_iOS.framework in Frameworks */,
			);
			runOnlyForDeploymentPostprocessing = 0;
		};
		465DE82F28449B860001EB48 /* Frameworks */ = {
			isa = PBXFrameworksBuildPhase;
			buildActionMask = 2147483647;
			files = (
				460F224728488FE8006099D8 /* Shadowsocks_iOS.framework in Frameworks */,
				8A174CBB4BB4FF5945614DC8 /* Pods_Moon.framework in Frameworks */,
				460F223F28488F59006099D8 /* NetworkExtension.framework in Frameworks */,
				460F224428488FE5006099D8 /* PacketProcessor_iOS.framework in Frameworks */,
			);
			runOnlyForDeploymentPostprocessing = 0;
		};
/* End PBXFrameworksBuildPhase section */

/* Begin PBXGroup section */
		07299DFCE8D5C7C072F51C17 /* Frameworks */ = {
			isa = PBXGroup;
			children = (
				460F224028488FCE006099D8 /* PacketProcessor_iOS.framework */,
				460F224128488FCE006099D8 /* Shadowsocks_iOS.framework */,
				27E88887CF121905F2C8C439 /* Pods_Moon.framework */,
				460F222928488E2E006099D8 /* NetworkExtension.framework */,
				E389A37E8E820A2DC0D42DB5 /* Pods_tunnelProvider.framework */,
			);
			name = Frameworks;
			sourceTree = "<group>";
		};
		460F2211284760D7006099D8 /* Source */ = {
			isa = PBXGroup;
			children = (
				465DE83E28449B880001EB48 /* Assets.xcassets */,
				469D92D028507F7300CB88E6 /* GoogleService-Info.plist */,
				464261AD2852110000982E34 /* admobConfig.json */,
				464261B1285340AE00982E34 /* 匹配中.json */,
				464261CD28588F5D00982E34 /* disconnectingAni.json */,
				460F220B28471549006099D8 /* connectingAni.json */,
				462FFD122848C0C800AFBEC3 /* downloadAni.json */,
				462FFD142848C0D500AFBEC3 /* uploadAni.json */,
			);
			path = Source;
			sourceTree = "<group>";
		};
		460F2213284760FC006099D8 /* Connect */ = {
			isa = PBXGroup;
			children = (
				460F221428476145006099D8 /* ConnectManager.swift */,
				460F222228476FB3006099D8 /* ConnectBaseModel.swift */,
				460F22162847617C006099D8 /* SpeedTestManager.swift */,
				460F221C2847663E006099D8 /* CheckSpeedUnit.h */,
				460F221A2847663E006099D8 /* CheckSpeedUnit.m */,
				460F22192847663E006099D8 /* PingManager.h */,
				460F221D2847663E006099D8 /* PingManager.m */,
				460F221E2847663E006099D8 /* SimplePing.h */,
				460F221B2847663E006099D8 /* SimplePing.m */,
				460F22182847663D006099D8 /* Moon-Bridging-Header.h */,
			);
			path = Connect;
			sourceTree = "<group>";
		};
		460F222B28488E2E006099D8 /* tunnelProvider */ = {
			isa = PBXGroup;
			children = (
				460F222C28488E2E006099D8 /* PacketTunnelProvider.swift */,
				460F222E28488E2E006099D8 /* Info.plist */,
				460F222F28488E2E006099D8 /* tunnelProvider.entitlements */,
				460F223A28488F0A006099D8 /* Shadowsocks.h */,
				460F223828488F0A006099D8 /* Shadowsocks.m */,
				460F223928488F0A006099D8 /* ShadowsocksConnectivity.h */,
				460F223B28488F0A006099D8 /* ShadowsocksConnectivity.m */,
				460F223728488F09006099D8 /* tunnelProvider-Bridging-Header.h */,
			);
			path = tunnelProvider;
			sourceTree = "<group>";
		};
		462F300228508F6F00D80599 /* GoogleAD */ = {
			isa = PBXGroup;
			children = (
				462F300528509E2800D80599 /* GadInterstitialLoader.swift */,
				462F300728509E3E00D80599 /* GadNativeLoader.swift */,
				462F300328508F8A00D80599 /* GoogleADConfig.swift */,
				462F300928509E8000D80599 /* HomeADView.swift */,
				462F300B28509E9B00D80599 /* ResultADView.swift */,
			);
			path = GoogleAD;
			sourceTree = "<group>";
		};
		465DE82928449B860001EB48 = {
			isa = PBXGroup;
			children = (
				465DE83428449B860001EB48 /* Moon */,
				460F2211284760D7006099D8 /* Source */,
				460F222B28488E2E006099D8 /* tunnelProvider */,
				465DE83328449B860001EB48 /* Products */,
				6E43628552C63554D866F94E /* Pods */,
				07299DFCE8D5C7C072F51C17 /* Frameworks */,
			);
			sourceTree = "<group>";
		};
		465DE83328449B860001EB48 /* Products */ = {
			isa = PBXGroup;
			children = (
				465DE83228449B860001EB48 /* Moon.app */,
				460F222828488E2E006099D8 /* tunnelProvider.appex */,
			);
			name = Products;
			sourceTree = "<group>";
		};
		465DE83428449B860001EB48 /* Moon */ = {
			isa = PBXGroup;
			children = (
				460F223E28488F59006099D8 /* Moon.entitlements */,
				465DE84928449F270001EB48 /* Base */,
				465DE84B28449F7C0001EB48 /* LauchVC */,
				465DE84C28449FB20001EB48 /* MoonVC */,
				462F300228508F6F00D80599 /* GoogleAD */,
				460F2213284760FC006099D8 /* Connect */,
			);
			path = Moon;
			sourceTree = "<group>";
		};
		465DE84928449F270001EB48 /* Base */ = {
			isa = PBXGroup;
			children = (
				465DE83528449B860001EB48 /* AppDelegate.swift */,
				465DE83728449B860001EB48 /* SceneDelegate.swift */,
				465DE84328449B880001EB48 /* Info.plist */,
				460F22052844A249006099D8 /* BaseNavigationController.swift */,
				460F22072845BAEA006099D8 /* BaseProperty.swift */,
				464261CB285836F800982E34 /* GoogleFBUtil.swift */,
			);
			path = Base;
			sourceTree = "<group>";
		};
		465DE84B28449F7C0001EB48 /* LauchVC */ = {
			isa = PBXGroup;
			children = (
				465DE84028449B880001EB48 /* LaunchScreen.storyboard */,
			);
			path = LauchVC;
			sourceTree = "<group>";
		};
		465DE84C28449FB20001EB48 /* MoonVC */ = {
			isa = PBXGroup;
			children = (
				465DE83B28449B860001EB48 /* Main.storyboard */,
				460F22032844A13E006099D8 /* LaunchViewController.swift */,
				460F220928461C51006099D8 /* MainPageViewController.swift */,
				464261AF2853135500982E34 /* MainPageViewController+AD.swift */,
				460F220F2847439F006099D8 /* ResultPageViewController.swift */,
				462FFD0E2848989500AFBEC3 /* ServerlistViewController.swift */,
				462FFD10284898CC00AFBEC3 /* RullsViewController.swift */,
			);
			path = MoonVC;
			sourceTree = "<group>";
		};
		6E43628552C63554D866F94E /* Pods */ = {
			isa = PBXGroup;
			children = (
				D601D78F034D5329B1D61040 /* Pods-Moon.debug.xcconfig */,
				3B9C943C7E37D96D0DC05B51 /* Pods-Moon.release.xcconfig */,
				68701C3761826E147D0240A3 /* Pods-tunnelProvider.debug.xcconfig */,
				39D2833751DA00AB6431C1E0 /* Pods-tunnelProvider.release.xcconfig */,
			);
			path = Pods;
			sourceTree = "<group>";
		};
/* End PBXGroup section */

/* Begin PBXNativeTarget section */
		460F222728488E2E006099D8 /* tunnelProvider */ = {
			isa = PBXNativeTarget;
			buildConfigurationList = 460F223328488E2E006099D8 /* Build configuration list for PBXNativeTarget "tunnelProvider" */;
			buildPhases = (
				D1FB42415AE7C7D9F24DC008 /* [CP] Check Pods Manifest.lock */,
				460F222428488E2E006099D8 /* Sources */,
				460F222528488E2E006099D8 /* Frameworks */,
				460F222628488E2E006099D8 /* Resources */,
			);
			buildRules = (
			);
			dependencies = (
			);
			name = tunnelProvider;
			productName = tunnelProvider;
			productReference = 460F222828488E2E006099D8 /* tunnelProvider.appex */;
			productType = "com.apple.product-type.app-extension";
		};
		465DE83128449B860001EB48 /* Moon */ = {
			isa = PBXNativeTarget;
			buildConfigurationList = 465DE84628449B880001EB48 /* Build configuration list for PBXNativeTarget "Moon" */;
			buildPhases = (
				043782E8A5ACAB88DC4CB152 /* [CP] Check Pods Manifest.lock */,
				465DE82E28449B860001EB48 /* Sources */,
				465DE82F28449B860001EB48 /* Frameworks */,
				465DE83028449B860001EB48 /* Resources */,
				1A7404B86073F96D6FBEBE2D /* [CP] Embed Pods Frameworks */,
				460F223628488E2E006099D8 /* Embed App Extensions */,
				460F224628488FE5006099D8 /* Embed Frameworks */,
			);
			buildRules = (
			);
			dependencies = (
				460F223128488E2E006099D8 /* PBXTargetDependency */,
			);
			name = Moon;
			productName = Moon;
			productReference = 465DE83228449B860001EB48 /* Moon.app */;
			productType = "com.apple.product-type.application";
		};
/* End PBXNativeTarget section */

/* Begin PBXProject section */
		465DE82A28449B860001EB48 /* Project object */ = {
			isa = PBXProject;
			attributes = {
				BuildIndependentTargetsInParallel = 1;
				LastSwiftUpdateCheck = 1340;
				LastUpgradeCheck = 1340;
				TargetAttributes = {
					460F222728488E2E006099D8 = {
						CreatedOnToolsVersion = 13.4;
						LastSwiftMigration = 1340;
					};
					465DE83128449B860001EB48 = {
						CreatedOnToolsVersion = 13.4;
						LastSwiftMigration = 1340;
					};
				};
			};
			buildConfigurationList = 465DE82D28449B860001EB48 /* Build configuration list for PBXProject "Moon" */;
			compatibilityVersion = "Xcode 13.0";
			developmentRegion = en;
			hasScannedForEncodings = 0;
			knownRegions = (
				en,
				Base,
			);
			mainGroup = 465DE82928449B860001EB48;
			productRefGroup = 465DE83328449B860001EB48 /* Products */;
			projectDirPath = "";
			projectRoot = "";
			targets = (
				465DE83128449B860001EB48 /* Moon */,
				460F222728488E2E006099D8 /* tunnelProvider */,
			);
		};
/* End PBXProject section */

/* Begin PBXResourcesBuildPhase section */
		460F222628488E2E006099D8 /* Resources */ = {
			isa = PBXResourcesBuildPhase;
			buildActionMask = 2147483647;
			files = (
			);
			runOnlyForDeploymentPostprocessing = 0;
		};
		465DE83028449B860001EB48 /* Resources */ = {
			isa = PBXResourcesBuildPhase;
			buildActionMask = 2147483647;
			files = (
				465DE84228449B880001EB48 /* LaunchScreen.storyboard in Resources */,
				465DE83F28449B880001EB48 /* Assets.xcassets in Resources */,
				465DE83D28449B860001EB48 /* Main.storyboard in Resources */,
				462FFD152848C0D500AFBEC3 /* uploadAni.json in Resources */,
				464261CE28588F5D00982E34 /* disconnectingAni.json in Resources */,
				464261B2285340AE00982E34 /* 匹配中.json in Resources */,
				462FFD132848C0C800AFBEC3 /* downloadAni.json in Resources */,
				464261AE2852110000982E34 /* admobConfig.json in Resources */,
				460F220C28471549006099D8 /* connectingAni.json in Resources */,
				469D92D128507F7300CB88E6 /* GoogleService-Info.plist in Resources */,
			);
			runOnlyForDeploymentPostprocessing = 0;
		};
/* End PBXResourcesBuildPhase section */

/* Begin PBXShellScriptBuildPhase section */
		043782E8A5ACAB88DC4CB152 /* [CP] Check Pods Manifest.lock */ = {
			isa = PBXShellScriptBuildPhase;
			buildActionMask = 2147483647;
			files = (
			);
			inputFileListPaths = (
			);
			inputPaths = (
				"${PODS_PODFILE_DIR_PATH}/Podfile.lock",
				"${PODS_ROOT}/Manifest.lock",
			);
			name = "[CP] Check Pods Manifest.lock";
			outputFileListPaths = (
			);
			outputPaths = (
				"$(DERIVED_FILE_DIR)/Pods-Moon-checkManifestLockResult.txt",
			);
			runOnlyForDeploymentPostprocessing = 0;
			shellPath = /bin/sh;
			shellScript = "diff \"${PODS_PODFILE_DIR_PATH}/Podfile.lock\" \"${PODS_ROOT}/Manifest.lock\" > /dev/null\nif [ $? != 0 ] ; then\n    # print error to STDERR\n    echo \"error: The sandbox is not in sync with the Podfile.lock. Run 'pod install' or update your CocoaPods installation.\" >&2\n    exit 1\nfi\n# This output is used by Xcode 'outputs' to avoid re-running this script phase.\necho \"SUCCESS\" > \"${SCRIPT_OUTPUT_FILE_0}\"\n";
			showEnvVarsInLog = 0;
		};
		1A7404B86073F96D6FBEBE2D /* [CP] Embed Pods Frameworks */ = {
			isa = PBXShellScriptBuildPhase;
			buildActionMask = 2147483647;
			files = (
			);
			inputFileListPaths = (
				"${PODS_ROOT}/Target Support Files/Pods-Moon/Pods-Moon-frameworks-${CONFIGURATION}-input-files.xcfilelist",
			);
			name = "[CP] Embed Pods Frameworks";
			outputFileListPaths = (
				"${PODS_ROOT}/Target Support Files/Pods-Moon/Pods-Moon-frameworks-${CONFIGURATION}-output-files.xcfilelist",
			);
			runOnlyForDeploymentPostprocessing = 0;
			shellPath = /bin/sh;
			shellScript = "\"${PODS_ROOT}/Target Support Files/Pods-Moon/Pods-Moon-frameworks.sh\"\n";
			showEnvVarsInLog = 0;
		};
		D1FB42415AE7C7D9F24DC008 /* [CP] Check Pods Manifest.lock */ = {
			isa = PBXShellScriptBuildPhase;
			buildActionMask = 2147483647;
			files = (
			);
			inputFileListPaths = (
			);
			inputPaths = (
				"${PODS_PODFILE_DIR_PATH}/Podfile.lock",
				"${PODS_ROOT}/Manifest.lock",
			);
			name = "[CP] Check Pods Manifest.lock";
			outputFileListPaths = (
			);
			outputPaths = (
				"$(DERIVED_FILE_DIR)/Pods-tunnelProvider-checkManifestLockResult.txt",
			);
			runOnlyForDeploymentPostprocessing = 0;
			shellPath = /bin/sh;
			shellScript = "diff \"${PODS_PODFILE_DIR_PATH}/Podfile.lock\" \"${PODS_ROOT}/Manifest.lock\" > /dev/null\nif [ $? != 0 ] ; then\n    # print error to STDERR\n    echo \"error: The sandbox is not in sync with the Podfile.lock. Run 'pod install' or update your CocoaPods installation.\" >&2\n    exit 1\nfi\n# This output is used by Xcode 'outputs' to avoid re-running this script phase.\necho \"SUCCESS\" > \"${SCRIPT_OUTPUT_FILE_0}\"\n";
			showEnvVarsInLog = 0;
		};
/* End PBXShellScriptBuildPhase section */

/* Begin PBXSourcesBuildPhase section */
		460F222428488E2E006099D8 /* Sources */ = {
			isa = PBXSourcesBuildPhase;
			buildActionMask = 2147483647;
			files = (
				460F222D28488E2E006099D8 /* PacketTunnelProvider.swift in Sources */,
				460F223C28488F0A006099D8 /* Shadowsocks.m in Sources */,
				460F223D28488F0A006099D8 /* ShadowsocksConnectivity.m in Sources */,
			);
			runOnlyForDeploymentPostprocessing = 0;
		};
		465DE82E28449B860001EB48 /* Sources */ = {
			isa = PBXSourcesBuildPhase;
			buildActionMask = 2147483647;
			files = (
				460F22042844A13E006099D8 /* LaunchViewController.swift in Sources */,
				462FFD0F2848989500AFBEC3 /* ServerlistViewController.swift in Sources */,
				460F22172847617C006099D8 /* SpeedTestManager.swift in Sources */,
				464261CC285836F800982E34 /* GoogleFBUtil.swift in Sources */,
				462FFD11284898CC00AFBEC3 /* RullsViewController.swift in Sources */,
				462F300C28509E9B00D80599 /* ResultADView.swift in Sources */,
				460F22102847439F006099D8 /* ResultPageViewController.swift in Sources */,
				462F300628509E2800D80599 /* GadInterstitialLoader.swift in Sources */,
				462F300A28509E8000D80599 /* HomeADView.swift in Sources */,
				465DE83628449B860001EB48 /* AppDelegate.swift in Sources */,
				460F22062844A249006099D8 /* BaseNavigationController.swift in Sources */,
				460F22212847663E006099D8 /* PingManager.m in Sources */,
				460F221528476145006099D8 /* ConnectManager.swift in Sources */,
				465DE83828449B860001EB48 /* SceneDelegate.swift in Sources */,
				464261B02853135500982E34 /* MainPageViewController+AD.swift in Sources */,
				460F222328476FB3006099D8 /* ConnectBaseModel.swift in Sources */,
				460F22202847663E006099D8 /* SimplePing.m in Sources */,
				460F221F2847663E006099D8 /* CheckSpeedUnit.m in Sources */,
				462F300828509E3E00D80599 /* GadNativeLoader.swift in Sources */,
				462F300428508F8A00D80599 /* GoogleADConfig.swift in Sources */,
				460F220A28461C51006099D8 /* MainPageViewController.swift in Sources */,
				460F22082845BAEA006099D8 /* BaseProperty.swift in Sources */,
			);
			runOnlyForDeploymentPostprocessing = 0;
		};
/* End PBXSourcesBuildPhase section */

/* Begin PBXTargetDependency section */
		460F223128488E2E006099D8 /* PBXTargetDependency */ = {
			isa = PBXTargetDependency;
			target = 460F222728488E2E006099D8 /* tunnelProvider */;
			targetProxy = 460F223028488E2E006099D8 /* PBXContainerItemProxy */;
		};
/* End PBXTargetDependency section */

/* Begin PBXVariantGroup section */
		465DE83B28449B860001EB48 /* Main.storyboard */ = {
			isa = PBXVariantGroup;
			children = (
				465DE83C28449B860001EB48 /* Base */,
			);
			name = Main.storyboard;
			sourceTree = "<group>";
		};
		465DE84028449B880001EB48 /* LaunchScreen.storyboard */ = {
			isa = PBXVariantGroup;
			children = (
				465DE84128449B880001EB48 /* Base */,
			);
			name = LaunchScreen.storyboard;
			sourceTree = "<group>";
		};
/* End PBXVariantGroup section */

/* Begin XCBuildConfiguration section */
		460F223428488E2E006099D8 /* Debug */ = {
			isa = XCBuildConfiguration;
			baseConfigurationReference = 68701C3761826E147D0240A3 /* Pods-tunnelProvider.debug.xcconfig */;
			buildSettings = {
				CLANG_ENABLE_MODULES = YES;
				CODE_SIGN_ENTITLEMENTS = tunnelProvider/tunnelProvider.entitlements;
				CODE_SIGN_STYLE = Automatic;
				CURRENT_PROJECT_VERSION = 1;
				DEVELOPMENT_TEAM = 7HTJ8C6E28;
				ENABLE_BITCODE = NO;
				FRAMEWORK_SEARCH_PATHS = (
					"$(inherited)",
					"$(PROJECT_DIR)",
				);
				GENERATE_INFOPLIST_FILE = YES;
				INFOPLIST_FILE = tunnelProvider/Info.plist;
				INFOPLIST_KEY_CFBundleDisplayName = tunnelProvider;
				INFOPLIST_KEY_NSHumanReadableCopyright = "";
				IPHONEOS_DEPLOYMENT_TARGET = 13.0;
				LD_RUNPATH_SEARCH_PATHS = (
					"$(inherited)",
					"@executable_path/Frameworks",
					"@executable_path/../../Frameworks",
				);
				MARKETING_VERSION = 1.0.0;
				PRODUCT_BUNDLE_IDENTIFIER = com.zytest.moonios.Moon.tunnelProvider;
				PRODUCT_NAME = "$(TARGET_NAME)";
				SKIP_INSTALL = YES;
				SWIFT_EMIT_LOC_STRINGS = YES;
				SWIFT_OBJC_BRIDGING_HEADER = "tunnelProvider/tunnelProvider-Bridging-Header.h";
				SWIFT_OPTIMIZATION_LEVEL = "-Onone";
				SWIFT_VERSION = 5.0;
				TARGETED_DEVICE_FAMILY = 1;
			};
			name = Debug;
		};
		460F223528488E2E006099D8 /* Release */ = {
			isa = XCBuildConfiguration;
			baseConfigurationReference = 39D2833751DA00AB6431C1E0 /* Pods-tunnelProvider.release.xcconfig */;
			buildSettings = {
				CLANG_ENABLE_MODULES = YES;
				CODE_SIGN_ENTITLEMENTS = tunnelProvider/tunnelProvider.entitlements;
				CODE_SIGN_STYLE = Automatic;
				CURRENT_PROJECT_VERSION = 1;
				DEVELOPMENT_TEAM = 7HTJ8C6E28;
				ENABLE_BITCODE = NO;
				FRAMEWORK_SEARCH_PATHS = (
					"$(inherited)",
					"$(PROJECT_DIR)",
				);
				GENERATE_INFOPLIST_FILE = YES;
				INFOPLIST_FILE = tunnelProvider/Info.plist;
				INFOPLIST_KEY_CFBundleDisplayName = tunnelProvider;
				INFOPLIST_KEY_NSHumanReadableCopyright = "";
				IPHONEOS_DEPLOYMENT_TARGET = 13.0;
				LD_RUNPATH_SEARCH_PATHS = (
					"$(inherited)",
					"@executable_path/Frameworks",
					"@executable_path/../../Frameworks",
				);
				MARKETING_VERSION = 1.0.0;
				PRODUCT_BUNDLE_IDENTIFIER = com.zytest.moonios.Moon.tunnelProvider;
				PRODUCT_NAME = "$(TARGET_NAME)";
				SKIP_INSTALL = YES;
				SWIFT_EMIT_LOC_STRINGS = YES;
				SWIFT_OBJC_BRIDGING_HEADER = "tunnelProvider/tunnelProvider-Bridging-Header.h";
				SWIFT_VERSION = 5.0;
				TARGETED_DEVICE_FAMILY = 1;
			};
			name = Release;
		};
		465DE84428449B880001EB48 /* Debug */ = {
			isa = XCBuildConfiguration;
			buildSettings = {
				ALWAYS_SEARCH_USER_PATHS = NO;
				CLANG_ANALYZER_NONNULL = YES;
				CLANG_ANALYZER_NUMBER_OBJECT_CONVERSION = YES_AGGRESSIVE;
				CLANG_CXX_LANGUAGE_STANDARD = "gnu++17";
				CLANG_ENABLE_MODULES = YES;
				CLANG_ENABLE_OBJC_ARC = YES;
				CLANG_ENABLE_OBJC_WEAK = YES;
				CLANG_WARN_BLOCK_CAPTURE_AUTORELEASING = YES;
				CLANG_WARN_BOOL_CONVERSION = YES;
				CLANG_WARN_COMMA = YES;
				CLANG_WARN_CONSTANT_CONVERSION = YES;
				CLANG_WARN_DEPRECATED_OBJC_IMPLEMENTATIONS = YES;
				CLANG_WARN_DIRECT_OBJC_ISA_USAGE = YES_ERROR;
				CLANG_WARN_DOCUMENTATION_COMMENTS = YES;
				CLANG_WARN_EMPTY_BODY = YES;
				CLANG_WARN_ENUM_CONVERSION = YES;
				CLANG_WARN_INFINITE_RECURSION = YES;
				CLANG_WARN_INT_CONVERSION = YES;
				CLANG_WARN_NON_LITERAL_NULL_CONVERSION = YES;
				CLANG_WARN_OBJC_IMPLICIT_RETAIN_SELF = YES;
				CLANG_WARN_OBJC_LITERAL_CONVERSION = YES;
				CLANG_WARN_OBJC_ROOT_CLASS = YES_ERROR;
				CLANG_WARN_QUOTED_INCLUDE_IN_FRAMEWORK_HEADER = YES;
				CLANG_WARN_RANGE_LOOP_ANALYSIS = YES;
				CLANG_WARN_STRICT_PROTOTYPES = YES;
				CLANG_WARN_SUSPICIOUS_MOVE = YES;
				CLANG_WARN_UNGUARDED_AVAILABILITY = YES_AGGRESSIVE;
				CLANG_WARN_UNREACHABLE_CODE = YES;
				CLANG_WARN__DUPLICATE_METHOD_MATCH = YES;
				COPY_PHASE_STRIP = NO;
				DEBUG_INFORMATION_FORMAT = dwarf;
				ENABLE_STRICT_OBJC_MSGSEND = YES;
				ENABLE_TESTABILITY = YES;
				GCC_C_LANGUAGE_STANDARD = gnu11;
				GCC_DYNAMIC_NO_PIC = NO;
				GCC_NO_COMMON_BLOCKS = YES;
				GCC_OPTIMIZATION_LEVEL = 0;
				GCC_PREPROCESSOR_DEFINITIONS = (
					"DEBUG=1",
					"$(inherited)",
				);
				GCC_WARN_64_TO_32_BIT_CONVERSION = YES;
				GCC_WARN_ABOUT_RETURN_TYPE = YES_ERROR;
				GCC_WARN_UNDECLARED_SELECTOR = YES;
				GCC_WARN_UNINITIALIZED_AUTOS = YES_AGGRESSIVE;
				GCC_WARN_UNUSED_FUNCTION = YES;
				GCC_WARN_UNUSED_VARIABLE = YES;
				IPHONEOS_DEPLOYMENT_TARGET = 15.5;
				MTL_ENABLE_DEBUG_INFO = INCLUDE_SOURCE;
				MTL_FAST_MATH = YES;
				ONLY_ACTIVE_ARCH = YES;
				SDKROOT = iphoneos;
				SWIFT_ACTIVE_COMPILATION_CONDITIONS = DEBUG;
				SWIFT_OPTIMIZATION_LEVEL = "-Onone";
			};
			name = Debug;
		};
		465DE84528449B880001EB48 /* Release */ = {
			isa = XCBuildConfiguration;
			buildSettings = {
				ALWAYS_SEARCH_USER_PATHS = NO;
				CLANG_ANALYZER_NONNULL = YES;
				CLANG_ANALYZER_NUMBER_OBJECT_CONVERSION = YES_AGGRESSIVE;
				CLANG_CXX_LANGUAGE_STANDARD = "gnu++17";
				CLANG_ENABLE_MODULES = YES;
				CLANG_ENABLE_OBJC_ARC = YES;
				CLANG_ENABLE_OBJC_WEAK = YES;
				CLANG_WARN_BLOCK_CAPTURE_AUTORELEASING = YES;
				CLANG_WARN_BOOL_CONVERSION = YES;
				CLANG_WARN_COMMA = YES;
				CLANG_WARN_CONSTANT_CONVERSION = YES;
				CLANG_WARN_DEPRECATED_OBJC_IMPLEMENTATIONS = YES;
				CLANG_WARN_DIRECT_OBJC_ISA_USAGE = YES_ERROR;
				CLANG_WARN_DOCUMENTATION_COMMENTS = YES;
				CLANG_WARN_EMPTY_BODY = YES;
				CLANG_WARN_ENUM_CONVERSION = YES;
				CLANG_WARN_INFINITE_RECURSION = YES;
				CLANG_WARN_INT_CONVERSION = YES;
				CLANG_WARN_NON_LITERAL_NULL_CONVERSION = YES;
				CLANG_WARN_OBJC_IMPLICIT_RETAIN_SELF = YES;
				CLANG_WARN_OBJC_LITERAL_CONVERSION = YES;
				CLANG_WARN_OBJC_ROOT_CLASS = YES_ERROR;
				CLANG_WARN_QUOTED_INCLUDE_IN_FRAMEWORK_HEADER = YES;
				CLANG_WARN_RANGE_LOOP_ANALYSIS = YES;
				CLANG_WARN_STRICT_PROTOTYPES = YES;
				CLANG_WARN_SUSPICIOUS_MOVE = YES;
				CLANG_WARN_UNGUARDED_AVAILABILITY = YES_AGGRESSIVE;
				CLANG_WARN_UNREACHABLE_CODE = YES;
				CLANG_WARN__DUPLICATE_METHOD_MATCH = YES;
				COPY_PHASE_STRIP = NO;
				DEBUG_INFORMATION_FORMAT = "dwarf-with-dsym";
				ENABLE_NS_ASSERTIONS = NO;
				ENABLE_STRICT_OBJC_MSGSEND = YES;
				GCC_C_LANGUAGE_STANDARD = gnu11;
				GCC_NO_COMMON_BLOCKS = YES;
				GCC_WARN_64_TO_32_BIT_CONVERSION = YES;
				GCC_WARN_ABOUT_RETURN_TYPE = YES_ERROR;
				GCC_WARN_UNDECLARED_SELECTOR = YES;
				GCC_WARN_UNINITIALIZED_AUTOS = YES_AGGRESSIVE;
				GCC_WARN_UNUSED_FUNCTION = YES;
				GCC_WARN_UNUSED_VARIABLE = YES;
				IPHONEOS_DEPLOYMENT_TARGET = 15.5;
				MTL_ENABLE_DEBUG_INFO = NO;
				MTL_FAST_MATH = YES;
				SDKROOT = iphoneos;
				SWIFT_COMPILATION_MODE = wholemodule;
				SWIFT_OPTIMIZATION_LEVEL = "-O";
				VALIDATE_PRODUCT = YES;
			};
			name = Release;
		};
		465DE84728449B880001EB48 /* Debug */ = {
			isa = XCBuildConfiguration;
			baseConfigurationReference = D601D78F034D5329B1D61040 /* Pods-Moon.debug.xcconfig */;
			buildSettings = {
				ALWAYS_EMBED_SWIFT_STANDARD_LIBRARIES = YES;
				ASSETCATALOG_COMPILER_APPICON_NAME = AppIcon;
				ASSETCATALOG_COMPILER_GLOBAL_ACCENT_COLOR_NAME = AccentColor;
				CLANG_ENABLE_MODULES = YES;
				CODE_SIGN_ENTITLEMENTS = Moon/Moon.entitlements;
				CODE_SIGN_STYLE = Automatic;
				CURRENT_PROJECT_VERSION = 1;
				DEVELOPMENT_TEAM = 7HTJ8C6E28;
				ENABLE_BITCODE = NO;
				FRAMEWORK_SEARCH_PATHS = (
					"$(inherited)",
					"$(PROJECT_DIR)",
				);
				GENERATE_INFOPLIST_FILE = YES;
				INFOPLIST_FILE = Moon/Base/Info.plist;
				INFOPLIST_KEY_NSUserTrackingUsageDescription = "Your data will be used in displaying personalized advertisements.";
				INFOPLIST_KEY_UIApplicationSupportsIndirectInputEvents = YES;
				INFOPLIST_KEY_UILaunchStoryboardName = LaunchScreen;
				INFOPLIST_KEY_UIMainStoryboardFile = Main;
				INFOPLIST_KEY_UISupportedInterfaceOrientations = UIInterfaceOrientationPortrait;
				INFOPLIST_KEY_UISupportedInterfaceOrientations_iPad = "UIInterfaceOrientationPortrait UIInterfaceOrientationPortraitUpsideDown UIInterfaceOrientationLandscapeLeft UIInterfaceOrientationLandscapeRight";
				INFOPLIST_KEY_UISupportedInterfaceOrientations_iPhone = UIInterfaceOrientationPortrait;
				INFOPLIST_KEY_UIUserInterfaceStyle = Light;
				IPHONEOS_DEPLOYMENT_TARGET = 13.0;
				LD_RUNPATH_SEARCH_PATHS = (
					"$(inherited)",
					"@executable_path/Frameworks",
				);
				MARKETING_VERSION = 1.0.1;
				PRODUCT_BUNDLE_IDENTIFIER = com.zytest.moonios.Moon;
				PRODUCT_NAME = "$(TARGET_NAME)";
				SWIFT_EMIT_LOC_STRINGS = YES;
				SWIFT_OBJC_BRIDGING_HEADER = "Moon/Connect/Moon-Bridging-Header.h";
				SWIFT_OPTIMIZATION_LEVEL = "-Onone";
				SWIFT_VERSION = 5.0;
				TARGETED_DEVICE_FAMILY = 1;
			};
			name = Debug;
		};
		465DE84828449B880001EB48 /* Release */ = {
			isa = XCBuildConfiguration;
			baseConfigurationReference = 3B9C943C7E37D96D0DC05B51 /* Pods-Moon.release.xcconfig */;
			buildSettings = {
				ALWAYS_EMBED_SWIFT_STANDARD_LIBRARIES = YES;
				ASSETCATALOG_COMPILER_APPICON_NAME = AppIcon;
				ASSETCATALOG_COMPILER_GLOBAL_ACCENT_COLOR_NAME = AccentColor;
				CLANG_ENABLE_MODULES = YES;
				CODE_SIGN_ENTITLEMENTS = Moon/Moon.entitlements;
				CODE_SIGN_STYLE = Automatic;
				CURRENT_PROJECT_VERSION = 1;
				DEVELOPMENT_TEAM = 7HTJ8C6E28;
				ENABLE_BITCODE = NO;
				FRAMEWORK_SEARCH_PATHS = (
					"$(inherited)",
					"$(PROJECT_DIR)",
				);
				GENERATE_INFOPLIST_FILE = YES;
				INFOPLIST_FILE = Moon/Base/Info.plist;
				INFOPLIST_KEY_NSUserTrackingUsageDescription = "Your data will be used in displaying personalized advertisements.";
				INFOPLIST_KEY_UIApplicationSupportsIndirectInputEvents = YES;
				INFOPLIST_KEY_UILaunchStoryboardName = LaunchScreen;
				INFOPLIST_KEY_UIMainStoryboardFile = Main;
				INFOPLIST_KEY_UISupportedInterfaceOrientations = UIInterfaceOrientationPortrait;
				INFOPLIST_KEY_UISupportedInterfaceOrientations_iPad = "UIInterfaceOrientationPortrait UIInterfaceOrientationPortraitUpsideDown UIInterfaceOrientationLandscapeLeft UIInterfaceOrientationLandscapeRight";
				INFOPLIST_KEY_UISupportedInterfaceOrientations_iPhone = UIInterfaceOrientationPortrait;
				INFOPLIST_KEY_UIUserInterfaceStyle = Light;
				IPHONEOS_DEPLOYMENT_TARGET = 13.0;
				LD_RUNPATH_SEARCH_PATHS = (
					"$(inherited)",
					"@executable_path/Frameworks",
				);
				MARKETING_VERSION = 1.0.1;
				PRODUCT_BUNDLE_IDENTIFIER = com.zytest.moonios.Moon;
				PRODUCT_NAME = "$(TARGET_NAME)";
				SWIFT_EMIT_LOC_STRINGS = YES;
				SWIFT_OBJC_BRIDGING_HEADER = "Moon/Connect/Moon-Bridging-Header.h";
				SWIFT_VERSION = 5.0;
				TARGETED_DEVICE_FAMILY = 1;
			};
			name = Release;
		};
/* End XCBuildConfiguration section */

/* Begin XCConfigurationList section */
		460F223328488E2E006099D8 /* Build configuration list for PBXNativeTarget "tunnelProvider" */ = {
			isa = XCConfigurationList;
			buildConfigurations = (
				460F223428488E2E006099D8 /* Debug */,
				460F223528488E2E006099D8 /* Release */,
			);
			defaultConfigurationIsVisible = 0;
			defaultConfigurationName = Release;
		};
		465DE82D28449B860001EB48 /* Build configuration list for PBXProject "Moon" */ = {
			isa = XCConfigurationList;
			buildConfigurations = (
				465DE84428449B880001EB48 /* Debug */,
				465DE84528449B880001EB48 /* Release */,
			);
			defaultConfigurationIsVisible = 0;
			defaultConfigurationName = Release;
		};
		465DE84628449B880001EB48 /* Build configuration list for PBXNativeTarget "Moon" */ = {
			isa = XCConfigurationList;
			buildConfigurations = (
				465DE84728449B880001EB48 /* Debug */,
				465DE84828449B880001EB48 /* Release */,
			);
			defaultConfigurationIsVisible = 0;
			defaultConfigurationName = Release;
		};
/* End XCConfigurationList section */
	};
	rootObject = 465DE82A28449B860001EB48 /* Project object */;
}
